// !$*UTF8*$!
{
	archiveVersion = 1;
	classes = {
	};
	objectVersion = 56;
	objects = {

/* Begin PBXBuildFile section */
		FF4CC6652BFC908F007A0511 /* PofileViewController.swift in Sources */ = {isa = PBXBuildFile; fileRef = FF4CC6642BFC908F007A0511 /* PofileViewController.swift */; };
		FF4CC6672BFC999D007A0511 /* Main.storyboard in Resources */ = {isa = PBXBuildFile; fileRef = FF84CB912BE80D120093A552 /* Main.storyboard */; };
		FF4CC66A2BFCC877007A0511 /* SingleImageViewController.swift in Sources */ = {isa = PBXBuildFile; fileRef = FF4CC6692BFCC877007A0511 /* SingleImageViewController.swift */; };
		FF7F83992BFA2965001E5C6A /* ImagesListCell.swift in Sources */ = {isa = PBXBuildFile; fileRef = FF7F83982BFA2965001E5C6A /* ImagesListCell.swift */; };
		FF84CB8C2BE80D120093A552 /* AppDelegate.swift in Sources */ = {isa = PBXBuildFile; fileRef = FF84CB8B2BE80D120093A552 /* AppDelegate.swift */; };
		FF84CB8E2BE80D120093A552 /* SceneDelegate.swift in Sources */ = {isa = PBXBuildFile; fileRef = FF84CB8D2BE80D120093A552 /* SceneDelegate.swift */; };
		FF84CB902BE80D120093A552 /* ImagesListViewController.swift in Sources */ = {isa = PBXBuildFile; fileRef = FF84CB8F2BE80D120093A552 /* ImagesListViewController.swift */; };
		FF84CB932BE80D120093A552 /* Base in Resources */ = {isa = PBXBuildFile; fileRef = FF84CB922BE80D120093A552 /* Base */; };
		FF84CB952BE80D140093A552 /* Assets.xcassets in Resources */ = {isa = PBXBuildFile; fileRef = FF84CB942BE80D140093A552 /* Assets.xcassets */; };
		FF84CB982BE80D140093A552 /* Base in Resources */ = {isa = PBXBuildFile; fileRef = FF84CB972BE80D140093A552 /* Base */; };
		FF84CBA22BE811060093A552 /* .gitignore in Resources */ = {isa = PBXBuildFile; fileRef = FF84CBA12BE811060093A552 /* .gitignore */; };
		FF96B04A2C19F7E70015C26E /* Constants.swift in Sources */ = {isa = PBXBuildFile; fileRef = FF96B0492C19F7E70015C26E /* Constants.swift */; };
		FF96B04D2C1B50930015C26E /* AuthViewController.swift in Sources */ = {isa = PBXBuildFile; fileRef = FF96B04C2C1B50930015C26E /* AuthViewController.swift */; };
		FF96B04F2C1B52450015C26E /* WebViewViewController.swift in Sources */ = {isa = PBXBuildFile; fileRef = FF96B04E2C1B52450015C26E /* WebViewViewController.swift */; };
		FF96B0512C2483B70015C26E /* OAuth2Service.swift in Sources */ = {isa = PBXBuildFile; fileRef = FF96B0502C2483B60015C26E /* OAuth2Service.swift */; };
		FF96B0532C2494FC0015C26E /* URLSession+data.swift in Sources */ = {isa = PBXBuildFile; fileRef = FF96B0522C2494FC0015C26E /* URLSession+data.swift */; };
		FF96B0552C3258F40015C26E /* OAuthTokenResponseBody.swift in Sources */ = {isa = PBXBuildFile; fileRef = FF96B0542C3258F40015C26E /* OAuthTokenResponseBody.swift */; };
		FF96B0572C3269970015C26E /* OAuth2TokenStorage.swift in Sources */ = {isa = PBXBuildFile; fileRef = FF96B0562C3269970015C26E /* OAuth2TokenStorage.swift */; };
		FF96B05A2C36C10D0015C26E /* SplashViewController.swift in Sources */ = {isa = PBXBuildFile; fileRef = FF96B0592C36C10D0015C26E /* SplashViewController.swift */; };
		FF96B05C2C3924610015C26E /* NetworkError.swift in Sources */ = {isa = PBXBuildFile; fileRef = FF96B05B2C3924610015C26E /* NetworkError.swift */; };
		FF96B05F2C392E9E0015C26E /* ProgressHUD in Frameworks */ = {isa = PBXBuildFile; productRef = FF96B05E2C392E9E0015C26E /* ProgressHUD */; };
		FF96B0612C4694F10015C26E /* UIBlockingProgressHUD.swift in Sources */ = {isa = PBXBuildFile; fileRef = FF96B0602C4694F10015C26E /* UIBlockingProgressHUD.swift */; };
		FF96B0632C469B250015C26E /* ProfileService.swift in Sources */ = {isa = PBXBuildFile; fileRef = FF96B0622C469B250015C26E /* ProfileService.swift */; };
		FF96B0652C469B560015C26E /* ProfileResult.swift in Sources */ = {isa = PBXBuildFile; fileRef = FF96B0642C469B560015C26E /* ProfileResult.swift */; };
		FF96B0672C469CC40015C26E /* Profile.swift in Sources */ = {isa = PBXBuildFile; fileRef = FF96B0662C469CC40015C26E /* Profile.swift */; };
		FF96B0692C5013630015C26E /* ProfileImageService.swift in Sources */ = {isa = PBXBuildFile; fileRef = FF96B0682C5013630015C26E /* ProfileImageService.swift */; };
		FF96B06B2C5443EF0015C26E /* UserResult.swift in Sources */ = {isa = PBXBuildFile; fileRef = FF96B06A2C5443EF0015C26E /* UserResult.swift */; };
		FF96B06E2C556B7C0015C26E /* Kingfisher in Frameworks */ = {isa = PBXBuildFile; productRef = FF96B06D2C556B7C0015C26E /* Kingfisher */; };
		FF96B0712C581F940015C26E /* SwiftKeychainWrapper in Frameworks */ = {isa = PBXBuildFile; productRef = FF96B0702C581F940015C26E /* SwiftKeychainWrapper */; };
		FF96B0732C58269F0015C26E /* TabBarController.swift in Sources */ = {isa = PBXBuildFile; fileRef = FF96B0722C58269F0015C26E /* TabBarController.swift */; };
		FF96B0752C5959A70015C26E /* ImagesListService.swift in Sources */ = {isa = PBXBuildFile; fileRef = FF96B0742C5959A70015C26E /* ImagesListService.swift */; };
		FF96B0772C5959E80015C26E /* Photo.swift in Sources */ = {isa = PBXBuildFile; fileRef = FF96B0762C5959E70015C26E /* Photo.swift */; };
		FF96B0792C595D5B0015C26E /* PhotoResult.swift in Sources */ = {isa = PBXBuildFile; fileRef = FF96B0782C595D5B0015C26E /* PhotoResult.swift */; };
		FF96B0882C5A6B0A0015C26E /* ProfileLogoutService.swift in Sources */ = {isa = PBXBuildFile; fileRef = FF96B0872C5A6B0A0015C26E /* ProfileLogoutService.swift */; };
/* End PBXBuildFile section */

/* Begin PBXFileReference section */
		FF4CC6642BFC908F007A0511 /* PofileViewController.swift */ = {isa = PBXFileReference; lastKnownFileType = sourcecode.swift; path = PofileViewController.swift; sourceTree = "<group>"; };
		FF4CC6692BFCC877007A0511 /* SingleImageViewController.swift */ = {isa = PBXFileReference; lastKnownFileType = sourcecode.swift; path = SingleImageViewController.swift; sourceTree = "<group>"; };
		FF7F83982BFA2965001E5C6A /* ImagesListCell.swift */ = {isa = PBXFileReference; lastKnownFileType = sourcecode.swift; path = ImagesListCell.swift; sourceTree = "<group>"; };
		FF84CB882BE80D120093A552 /* ImageFeed.app */ = {isa = PBXFileReference; explicitFileType = wrapper.application; includeInIndex = 0; path = ImageFeed.app; sourceTree = BUILT_PRODUCTS_DIR; };
		FF84CB8B2BE80D120093A552 /* AppDelegate.swift */ = {isa = PBXFileReference; lastKnownFileType = sourcecode.swift; path = AppDelegate.swift; sourceTree = "<group>"; };
		FF84CB8D2BE80D120093A552 /* SceneDelegate.swift */ = {isa = PBXFileReference; lastKnownFileType = sourcecode.swift; path = SceneDelegate.swift; sourceTree = "<group>"; };
		FF84CB8F2BE80D120093A552 /* ImagesListViewController.swift */ = {isa = PBXFileReference; lastKnownFileType = sourcecode.swift; path = ImagesListViewController.swift; sourceTree = "<group>"; };
		FF84CB922BE80D120093A552 /* Base */ = {isa = PBXFileReference; lastKnownFileType = file.storyboard; name = Base; path = Base.lproj/Main.storyboard; sourceTree = "<group>"; };
		FF84CB942BE80D140093A552 /* Assets.xcassets */ = {isa = PBXFileReference; lastKnownFileType = folder.assetcatalog; path = Assets.xcassets; sourceTree = "<group>"; };
		FF84CB972BE80D140093A552 /* Base */ = {isa = PBXFileReference; lastKnownFileType = file.storyboard; name = Base; path = Base.lproj/LaunchScreen.storyboard; sourceTree = "<group>"; };
		FF84CB992BE80D140093A552 /* Info.plist */ = {isa = PBXFileReference; lastKnownFileType = text.plist.xml; path = Info.plist; sourceTree = "<group>"; };
		FF84CBA12BE811060093A552 /* .gitignore */ = {isa = PBXFileReference; lastKnownFileType = text; path = .gitignore; sourceTree = "<group>"; };
		FF96B0492C19F7E70015C26E /* Constants.swift */ = {isa = PBXFileReference; lastKnownFileType = sourcecode.swift; path = Constants.swift; sourceTree = "<group>"; };
		FF96B04C2C1B50930015C26E /* AuthViewController.swift */ = {isa = PBXFileReference; lastKnownFileType = sourcecode.swift; path = AuthViewController.swift; sourceTree = "<group>"; };
		FF96B04E2C1B52450015C26E /* WebViewViewController.swift */ = {isa = PBXFileReference; lastKnownFileType = sourcecode.swift; path = WebViewViewController.swift; sourceTree = "<group>"; };
		FF96B0502C2483B60015C26E /* OAuth2Service.swift */ = {isa = PBXFileReference; lastKnownFileType = sourcecode.swift; path = OAuth2Service.swift; sourceTree = "<group>"; };
		FF96B0522C2494FC0015C26E /* URLSession+data.swift */ = {isa = PBXFileReference; lastKnownFileType = sourcecode.swift; path = "URLSession+data.swift"; sourceTree = "<group>"; };
		FF96B0542C3258F40015C26E /* OAuthTokenResponseBody.swift */ = {isa = PBXFileReference; lastKnownFileType = sourcecode.swift; path = OAuthTokenResponseBody.swift; sourceTree = "<group>"; };
		FF96B0562C3269970015C26E /* OAuth2TokenStorage.swift */ = {isa = PBXFileReference; lastKnownFileType = sourcecode.swift; path = OAuth2TokenStorage.swift; sourceTree = "<group>"; };
		FF96B0592C36C10D0015C26E /* SplashViewController.swift */ = {isa = PBXFileReference; lastKnownFileType = sourcecode.swift; path = SplashViewController.swift; sourceTree = "<group>"; };
		FF96B05B2C3924610015C26E /* NetworkError.swift */ = {isa = PBXFileReference; lastKnownFileType = sourcecode.swift; path = NetworkError.swift; sourceTree = "<group>"; };
		FF96B0602C4694F10015C26E /* UIBlockingProgressHUD.swift */ = {isa = PBXFileReference; lastKnownFileType = sourcecode.swift; path = UIBlockingProgressHUD.swift; sourceTree = "<group>"; };
		FF96B0622C469B250015C26E /* ProfileService.swift */ = {isa = PBXFileReference; lastKnownFileType = sourcecode.swift; path = ProfileService.swift; sourceTree = "<group>"; };
		FF96B0642C469B560015C26E /* ProfileResult.swift */ = {isa = PBXFileReference; lastKnownFileType = sourcecode.swift; path = ProfileResult.swift; sourceTree = "<group>"; };
		FF96B0662C469CC40015C26E /* Profile.swift */ = {isa = PBXFileReference; lastKnownFileType = sourcecode.swift; path = Profile.swift; sourceTree = "<group>"; };
		FF96B0682C5013630015C26E /* ProfileImageService.swift */ = {isa = PBXFileReference; lastKnownFileType = sourcecode.swift; path = ProfileImageService.swift; sourceTree = "<group>"; };
		FF96B06A2C5443EF0015C26E /* UserResult.swift */ = {isa = PBXFileReference; lastKnownFileType = sourcecode.swift; path = UserResult.swift; sourceTree = "<group>"; };
		FF96B0722C58269F0015C26E /* TabBarController.swift */ = {isa = PBXFileReference; lastKnownFileType = sourcecode.swift; path = TabBarController.swift; sourceTree = "<group>"; };
		FF96B0742C5959A70015C26E /* ImagesListService.swift */ = {isa = PBXFileReference; lastKnownFileType = sourcecode.swift; path = ImagesListService.swift; sourceTree = "<group>"; };
		FF96B0762C5959E70015C26E /* Photo.swift */ = {isa = PBXFileReference; lastKnownFileType = sourcecode.swift; path = Photo.swift; sourceTree = "<group>"; };
		FF96B0782C595D5B0015C26E /* PhotoResult.swift */ = {isa = PBXFileReference; lastKnownFileType = sourcecode.swift; path = PhotoResult.swift; sourceTree = "<group>"; };
		FF96B0872C5A6B0A0015C26E /* ProfileLogoutService.swift */ = {isa = PBXFileReference; lastKnownFileType = sourcecode.swift; path = ProfileLogoutService.swift; sourceTree = "<group>"; };
/* End PBXFileReference section */

/* Begin PBXFrameworksBuildPhase section */
		FF84CB852BE80D120093A552 /* Frameworks */ = {
			isa = PBXFrameworksBuildPhase;
			buildActionMask = 2147483647;
			files = (
				FF96B06E2C556B7C0015C26E /* Kingfisher in Frameworks */,
				FF96B05F2C392E9E0015C26E /* ProgressHUD in Frameworks */,
				FF96B0712C581F940015C26E /* SwiftKeychainWrapper in Frameworks */,
			);
			runOnlyForDeploymentPostprocessing = 0;
		};
/* End PBXFrameworksBuildPhase section */

/* Begin PBXGroup section */
		FF4CC6662BFC982F007A0511 /* Profile */ = {
			isa = PBXGroup;
			children = (
				FF4CC6642BFC908F007A0511 /* PofileViewController.swift */,
				FF96B0622C469B250015C26E /* ProfileService.swift */,
				FF96B0642C469B560015C26E /* ProfileResult.swift */,
				FF96B0662C469CC40015C26E /* Profile.swift */,
				FF96B0682C5013630015C26E /* ProfileImageService.swift */,
				FF96B06A2C5443EF0015C26E /* UserResult.swift */,
				FF96B0872C5A6B0A0015C26E /* ProfileLogoutService.swift */,
			);
			path = Profile;
			sourceTree = "<group>";
		};
		FF4CC6682BFCC864007A0511 /* SingleImage */ = {
			isa = PBXGroup;
			children = (
				FF4CC6692BFCC877007A0511 /* SingleImageViewController.swift */,
			);
			path = SingleImage;
			sourceTree = "<group>";
		};
		FF7F839A2BFA2986001E5C6A /* ImagesList */ = {
			isa = PBXGroup;
			children = (
				FF7F83982BFA2965001E5C6A /* ImagesListCell.swift */,
				FF84CB8F2BE80D120093A552 /* ImagesListViewController.swift */,
				FF96B0742C5959A70015C26E /* ImagesListService.swift */,
				FF96B0762C5959E70015C26E /* Photo.swift */,
				FF96B0782C595D5B0015C26E /* PhotoResult.swift */,
			);
			path = ImagesList;
			sourceTree = "<group>";
		};
		FF84CB7F2BE80D120093A552 = {
			isa = PBXGroup;
			children = (
				FF84CBA12BE811060093A552 /* .gitignore */,
				FF84CB8A2BE80D120093A552 /* ImageFeed */,
				FF84CB892BE80D120093A552 /* Products */,
			);
			sourceTree = "<group>";
		};
		FF84CB892BE80D120093A552 /* Products */ = {
			isa = PBXGroup;
			children = (
				FF84CB882BE80D120093A552 /* ImageFeed.app */,
			);
			name = Products;
			sourceTree = "<group>";
		};
		FF84CB8A2BE80D120093A552 /* ImageFeed */ = {
			isa = PBXGroup;
			children = (
				FF96B0582C36C0FF0015C26E /* Splash */,
				FF96B04B2C1B50880015C26E /* Auth */,
				FF4CC6682BFCC864007A0511 /* SingleImage */,
				FF4CC6662BFC982F007A0511 /* Profile */,
				FF7F839A2BFA2986001E5C6A /* ImagesList */,
				FF84CB8B2BE80D120093A552 /* AppDelegate.swift */,
				FF84CB8D2BE80D120093A552 /* SceneDelegate.swift */,
				FF84CB912BE80D120093A552 /* Main.storyboard */,
				FF84CB942BE80D140093A552 /* Assets.xcassets */,
				FF84CB962BE80D140093A552 /* LaunchScreen.storyboard */,
				FF84CB992BE80D140093A552 /* Info.plist */,
				FF96B0492C19F7E70015C26E /* Constants.swift */,
				FF96B0522C2494FC0015C26E /* URLSession+data.swift */,
				FF96B05B2C3924610015C26E /* NetworkError.swift */,
				FF96B0602C4694F10015C26E /* UIBlockingProgressHUD.swift */,
				FF96B0722C58269F0015C26E /* TabBarController.swift */,
			);
			path = ImageFeed;
			sourceTree = "<group>";
		};
		FF96B04B2C1B50880015C26E /* Auth */ = {
			isa = PBXGroup;
			children = (
				FF96B04C2C1B50930015C26E /* AuthViewController.swift */,
				FF96B04E2C1B52450015C26E /* WebViewViewController.swift */,
				FF96B0502C2483B60015C26E /* OAuth2Service.swift */,
				FF96B0542C3258F40015C26E /* OAuthTokenResponseBody.swift */,
				FF96B0562C3269970015C26E /* OAuth2TokenStorage.swift */,
			);
			path = Auth;
			sourceTree = "<group>";
		};
		FF96B0582C36C0FF0015C26E /* Splash */ = {
			isa = PBXGroup;
			children = (
				FF96B0592C36C10D0015C26E /* SplashViewController.swift */,
			);
			path = Splash;
			sourceTree = "<group>";
		};
/* End PBXGroup section */

/* Begin PBXNativeTarget section */
		FF84CB872BE80D120093A552 /* ImageFeed */ = {
			isa = PBXNativeTarget;
			buildConfigurationList = FF84CB9C2BE80D140093A552 /* Build configuration list for PBXNativeTarget "ImageFeed" */;
			buildPhases = (
				FF84CB842BE80D120093A552 /* Sources */,
				FF84CB852BE80D120093A552 /* Frameworks */,
				FF84CB862BE80D120093A552 /* Resources */,
			);
			buildRules = (
			);
			dependencies = (
			);
			name = ImageFeed;
			packageProductDependencies = (
				FF96B05E2C392E9E0015C26E /* ProgressHUD */,
				FF96B06D2C556B7C0015C26E /* Kingfisher */,
				FF96B0702C581F940015C26E /* SwiftKeychainWrapper */,
			);
			productName = ImageFeed;
			productReference = FF84CB882BE80D120093A552 /* ImageFeed.app */;
			productType = "com.apple.product-type.application";
		};
/* End PBXNativeTarget section */

/* Begin PBXProject section */
		FF84CB802BE80D120093A552 /* Project object */ = {
			isa = PBXProject;
			attributes = {
				BuildIndependentTargetsInParallel = 1;
				LastSwiftUpdateCheck = 1530;
				LastUpgradeCheck = 1530;
				TargetAttributes = {
					FF84CB872BE80D120093A552 = {
						CreatedOnToolsVersion = 15.3;
					};
				};
			};
			buildConfigurationList = FF84CB832BE80D120093A552 /* Build configuration list for PBXProject "ImageFeed" */;
			compatibilityVersion = "Xcode 14.0";
			developmentRegion = en;
			hasScannedForEncodings = 0;
			knownRegions = (
				en,
				Base,
			);
			mainGroup = FF84CB7F2BE80D120093A552;
			packageReferences = (
				FF96B05D2C392E9E0015C26E /* XCRemoteSwiftPackageReference "ProgressHUD" */,
				FF96B06C2C556B7C0015C26E /* XCRemoteSwiftPackageReference "Kingfisher" */,
				FF96B06F2C581F940015C26E /* XCRemoteSwiftPackageReference "SwiftKeychainWrapper" */,
			);
			productRefGroup = FF84CB892BE80D120093A552 /* Products */;
			projectDirPath = "";
			projectRoot = "";
			targets = (
				FF84CB872BE80D120093A552 /* ImageFeed */,
			);
		};
/* End PBXProject section */

/* Begin PBXResourcesBuildPhase section */
		FF84CB862BE80D120093A552 /* Resources */ = {
			isa = PBXResourcesBuildPhase;
			buildActionMask = 2147483647;
			files = (
				FF84CBA22BE811060093A552 /* .gitignore in Resources */,
				FF4CC6672BFC999D007A0511 /* Main.storyboard in Resources */,
				FF84CB952BE80D140093A552 /* Assets.xcassets in Resources */,
				FF84CB982BE80D140093A552 /* Base in Resources */,
				FF84CB932BE80D120093A552 /* Base in Resources */,
			);
			runOnlyForDeploymentPostprocessing = 0;
		};
/* End PBXResourcesBuildPhase section */

/* Begin PBXSourcesBuildPhase section */
		FF84CB842BE80D120093A552 /* Sources */ = {
			isa = PBXSourcesBuildPhase;
			buildActionMask = 2147483647;
			files = (
				FF96B0772C5959E80015C26E /* Photo.swift in Sources */,
				FF84CB902BE80D120093A552 /* ImagesListViewController.swift in Sources */,
				FF96B0752C5959A70015C26E /* ImagesListService.swift in Sources */,
				FF4CC6652BFC908F007A0511 /* PofileViewController.swift in Sources */,
				FF96B0552C3258F40015C26E /* OAuthTokenResponseBody.swift in Sources */,
				FF96B0612C4694F10015C26E /* UIBlockingProgressHUD.swift in Sources */,
				FF7F83992BFA2965001E5C6A /* ImagesListCell.swift in Sources */,
				FF96B06B2C5443EF0015C26E /* UserResult.swift in Sources */,
				FF84CB8C2BE80D120093A552 /* AppDelegate.swift in Sources */,
				FF96B05A2C36C10D0015C26E /* SplashViewController.swift in Sources */,
				FF96B0632C469B250015C26E /* ProfileService.swift in Sources */,
				FF96B0792C595D5B0015C26E /* PhotoResult.swift in Sources */,
				FF96B04D2C1B50930015C26E /* AuthViewController.swift in Sources */,
				FF96B04A2C19F7E70015C26E /* Constants.swift in Sources */,
				FF4CC66A2BFCC877007A0511 /* SingleImageViewController.swift in Sources */,
				FF96B0882C5A6B0A0015C26E /* ProfileLogoutService.swift in Sources */,
				FF96B05C2C3924610015C26E /* NetworkError.swift in Sources */,
				FF96B0732C58269F0015C26E /* TabBarController.swift in Sources */,
				FF96B0532C2494FC0015C26E /* URLSession+data.swift in Sources */,
				FF96B04F2C1B52450015C26E /* WebViewViewController.swift in Sources */,
				FF96B0512C2483B70015C26E /* OAuth2Service.swift in Sources */,
				FF96B0572C3269970015C26E /* OAuth2TokenStorage.swift in Sources */,
				FF96B0672C469CC40015C26E /* Profile.swift in Sources */,
				FF96B0692C5013630015C26E /* ProfileImageService.swift in Sources */,
				FF96B0652C469B560015C26E /* ProfileResult.swift in Sources */,
				FF84CB8E2BE80D120093A552 /* SceneDelegate.swift in Sources */,
			);
			runOnlyForDeploymentPostprocessing = 0;
		};
/* End PBXSourcesBuildPhase section */

/* Begin PBXVariantGroup section */
		FF84CB912BE80D120093A552 /* Main.storyboard */ = {
			isa = PBXVariantGroup;
			children = (
				FF84CB922BE80D120093A552 /* Base */,
			);
			name = Main.storyboard;
			sourceTree = "<group>";
		};
		FF84CB962BE80D140093A552 /* LaunchScreen.storyboard */ = {
			isa = PBXVariantGroup;
			children = (
				FF84CB972BE80D140093A552 /* Base */,
			);
			name = LaunchScreen.storyboard;
			sourceTree = "<group>";
		};
/* End PBXVariantGroup section */

/* Begin XCBuildConfiguration section */
		FF84CB9A2BE80D140093A552 /* Debug */ = {
			isa = XCBuildConfiguration;
			buildSettings = {
				ALWAYS_SEARCH_USER_PATHS = NO;
				ASSETCATALOG_COMPILER_GENERATE_SWIFT_ASSET_SYMBOL_EXTENSIONS = YES;
				CLANG_ANALYZER_NONNULL = YES;
				CLANG_ANALYZER_NUMBER_OBJECT_CONVERSION = YES_AGGRESSIVE;
				CLANG_CXX_LANGUAGE_STANDARD = "gnu++20";
				CLANG_ENABLE_MODULES = YES;
				CLANG_ENABLE_OBJC_ARC = YES;
				CLANG_ENABLE_OBJC_WEAK = YES;
				CLANG_WARN_BLOCK_CAPTURE_AUTORELEASING = YES;
				CLANG_WARN_BOOL_CONVERSION = YES;
				CLANG_WARN_COMMA = YES;
				CLANG_WARN_CONSTANT_CONVERSION = YES;
				CLANG_WARN_DEPRECATED_OBJC_IMPLEMENTATIONS = YES;
				CLANG_WARN_DIRECT_OBJC_ISA_USAGE = YES_ERROR;
				CLANG_WARN_DOCUMENTATION_COMMENTS = YES;
				CLANG_WARN_EMPTY_BODY = YES;
				CLANG_WARN_ENUM_CONVERSION = YES;
				CLANG_WARN_INFINITE_RECURSION = YES;
				CLANG_WARN_INT_CONVERSION = YES;
				CLANG_WARN_NON_LITERAL_NULL_CONVERSION = YES;
				CLANG_WARN_OBJC_IMPLICIT_RETAIN_SELF = YES;
				CLANG_WARN_OBJC_LITERAL_CONVERSION = YES;
				CLANG_WARN_OBJC_ROOT_CLASS = YES_ERROR;
				CLANG_WARN_QUOTED_INCLUDE_IN_FRAMEWORK_HEADER = YES;
				CLANG_WARN_RANGE_LOOP_ANALYSIS = YES;
				CLANG_WARN_STRICT_PROTOTYPES = YES;
				CLANG_WARN_SUSPICIOUS_MOVE = YES;
				CLANG_WARN_UNGUARDED_AVAILABILITY = YES_AGGRESSIVE;
				CLANG_WARN_UNREACHABLE_CODE = YES;
				CLANG_WARN__DUPLICATE_METHOD_MATCH = YES;
				COPY_PHASE_STRIP = NO;
				DEBUG_INFORMATION_FORMAT = dwarf;
				ENABLE_STRICT_OBJC_MSGSEND = YES;
				ENABLE_TESTABILITY = YES;
				ENABLE_USER_SCRIPT_SANDBOXING = YES;
				GCC_C_LANGUAGE_STANDARD = gnu17;
				GCC_DYNAMIC_NO_PIC = NO;
				GCC_NO_COMMON_BLOCKS = YES;
				GCC_OPTIMIZATION_LEVEL = 0;
				GCC_PREPROCESSOR_DEFINITIONS = (
					"DEBUG=1",
					"$(inherited)",
				);
				GCC_WARN_64_TO_32_BIT_CONVERSION = YES;
				GCC_WARN_ABOUT_RETURN_TYPE = YES_ERROR;
				GCC_WARN_UNDECLARED_SELECTOR = YES;
				GCC_WARN_UNINITIALIZED_AUTOS = YES_AGGRESSIVE;
				GCC_WARN_UNUSED_FUNCTION = YES;
				GCC_WARN_UNUSED_VARIABLE = YES;
				IPHONEOS_DEPLOYMENT_TARGET = 17.4;
				LOCALIZATION_PREFERS_STRING_CATALOGS = YES;
				MTL_ENABLE_DEBUG_INFO = INCLUDE_SOURCE;
				MTL_FAST_MATH = YES;
				ONLY_ACTIVE_ARCH = YES;
				SDKROOT = iphoneos;
				SWIFT_ACTIVE_COMPILATION_CONDITIONS = "DEBUG $(inherited)";
				SWIFT_OPTIMIZATION_LEVEL = "-Onone";
			};
			name = Debug;
		};
		FF84CB9B2BE80D140093A552 /* Release */ = {
			isa = XCBuildConfiguration;
			buildSettings = {
				ALWAYS_SEARCH_USER_PATHS = NO;
				ASSETCATALOG_COMPILER_GENERATE_SWIFT_ASSET_SYMBOL_EXTENSIONS = YES;
				CLANG_ANALYZER_NONNULL = YES;
				CLANG_ANALYZER_NUMBER_OBJECT_CONVERSION = YES_AGGRESSIVE;
				CLANG_CXX_LANGUAGE_STANDARD = "gnu++20";
				CLANG_ENABLE_MODULES = YES;
				CLANG_ENABLE_OBJC_ARC = YES;
				CLANG_ENABLE_OBJC_WEAK = YES;
				CLANG_WARN_BLOCK_CAPTURE_AUTORELEASING = YES;
				CLANG_WARN_BOOL_CONVERSION = YES;
				CLANG_WARN_COMMA = YES;
				CLANG_WARN_CONSTANT_CONVERSION = YES;
				CLANG_WARN_DEPRECATED_OBJC_IMPLEMENTATIONS = YES;
				CLANG_WARN_DIRECT_OBJC_ISA_USAGE = YES_ERROR;
				CLANG_WARN_DOCUMENTATION_COMMENTS = YES;
				CLANG_WARN_EMPTY_BODY = YES;
				CLANG_WARN_ENUM_CONVERSION = YES;
				CLANG_WARN_INFINITE_RECURSION = YES;
				CLANG_WARN_INT_CONVERSION = YES;
				CLANG_WARN_NON_LITERAL_NULL_CONVERSION = YES;
				CLANG_WARN_OBJC_IMPLICIT_RETAIN_SELF = YES;
				CLANG_WARN_OBJC_LITERAL_CONVERSION = YES;
				CLANG_WARN_OBJC_ROOT_CLASS = YES_ERROR;
				CLANG_WARN_QUOTED_INCLUDE_IN_FRAMEWORK_HEADER = YES;
				CLANG_WARN_RANGE_LOOP_ANALYSIS = YES;
				CLANG_WARN_STRICT_PROTOTYPES = YES;
				CLANG_WARN_SUSPICIOUS_MOVE = YES;
				CLANG_WARN_UNGUARDED_AVAILABILITY = YES_AGGRESSIVE;
				CLANG_WARN_UNREACHABLE_CODE = YES;
				CLANG_WARN__DUPLICATE_METHOD_MATCH = YES;
				COPY_PHASE_STRIP = NO;
				DEBUG_INFORMATION_FORMAT = "dwarf-with-dsym";
				ENABLE_NS_ASSERTIONS = NO;
				ENABLE_STRICT_OBJC_MSGSEND = YES;
				ENABLE_USER_SCRIPT_SANDBOXING = YES;
				GCC_C_LANGUAGE_STANDARD = gnu17;
				GCC_NO_COMMON_BLOCKS = YES;
				GCC_WARN_64_TO_32_BIT_CONVERSION = YES;
				GCC_WARN_ABOUT_RETURN_TYPE = YES_ERROR;
				GCC_WARN_UNDECLARED_SELECTOR = YES;
				GCC_WARN_UNINITIALIZED_AUTOS = YES_AGGRESSIVE;
				GCC_WARN_UNUSED_FUNCTION = YES;
				GCC_WARN_UNUSED_VARIABLE = YES;
				IPHONEOS_DEPLOYMENT_TARGET = 17.4;
				LOCALIZATION_PREFERS_STRING_CATALOGS = YES;
				MTL_ENABLE_DEBUG_INFO = NO;
				MTL_FAST_MATH = YES;
				SDKROOT = iphoneos;
				SWIFT_COMPILATION_MODE = wholemodule;
				VALIDATE_PRODUCT = YES;
			};
			name = Release;
		};
		FF84CB9D2BE80D140093A552 /* Debug */ = {
			isa = XCBuildConfiguration;
			buildSettings = {
				ASSETCATALOG_COMPILER_APPICON_NAME = AppIcon;
				ASSETCATALOG_COMPILER_GLOBAL_ACCENT_COLOR_NAME = AccentColor;
				CODE_SIGN_STYLE = Automatic;
				CURRENT_PROJECT_VERSION = 1;
				DEVELOPMENT_TEAM = 46X24PZV3B;
				GENERATE_INFOPLIST_FILE = YES;
				INFOPLIST_FILE = ImageFeed/Info.plist;
				INFOPLIST_KEY_UIApplicationSupportsIndirectInputEvents = YES;
				INFOPLIST_KEY_UILaunchStoryboardName = LaunchScreen;
				INFOPLIST_KEY_UIMainStoryboardFile = Main;
				INFOPLIST_KEY_UISupportedInterfaceOrientations = UIInterfaceOrientationPortrait;
				IPHONEOS_DEPLOYMENT_TARGET = 13.0;
				LD_RUNPATH_SEARCH_PATHS = (
					"$(inherited)",
					"@executable_path/Frameworks",
				);
				MARKETING_VERSION = 1.0;
				PRODUCT_BUNDLE_IDENTIFIER = com.danromf.ImageFeed;
				PRODUCT_NAME = "$(TARGET_NAME)";
				SUPPORTED_PLATFORMS = "iphoneos iphonesimulator";
				SUPPORTS_MACCATALYST = NO;
				SUPPORTS_MAC_DESIGNED_FOR_IPHONE_IPAD = NO;
				SUPPORTS_XR_DESIGNED_FOR_IPHONE_IPAD = NO;
				SWIFT_EMIT_LOC_STRINGS = YES;
				SWIFT_VERSION = 5.0;
				TARGETED_DEVICE_FAMILY = 1;
			};
			name = Debug;
		};
		FF84CB9E2BE80D140093A552 /* Release */ = {
			isa = XCBuildConfiguration;
			buildSettings = {
				ASSETCATALOG_COMPILER_APPICON_NAME = AppIcon;
				ASSETCATALOG_COMPILER_GLOBAL_ACCENT_COLOR_NAME = AccentColor;
				CODE_SIGN_STYLE = Automatic;
				CURRENT_PROJECT_VERSION = 1;
				DEVELOPMENT_TEAM = 46X24PZV3B;
				GENERATE_INFOPLIST_FILE = YES;
				INFOPLIST_FILE = ImageFeed/Info.plist;
				INFOPLIST_KEY_UIApplicationSupportsIndirectInputEvents = YES;
				INFOPLIST_KEY_UILaunchStoryboardName = LaunchScreen;
				INFOPLIST_KEY_UIMainStoryboardFile = Main;
				INFOPLIST_KEY_UISupportedInterfaceOrientations = UIInterfaceOrientationPortrait;
				IPHONEOS_DEPLOYMENT_TARGET = 13.0;
				LD_RUNPATH_SEARCH_PATHS = (
					"$(inherited)",
					"@executable_path/Frameworks",
				);
				MARKETING_VERSION = 1.0;
				PRODUCT_BUNDLE_IDENTIFIER = com.danromf.ImageFeed;
				PRODUCT_NAME = "$(TARGET_NAME)";
				SUPPORTED_PLATFORMS = "iphoneos iphonesimulator";
				SUPPORTS_MACCATALYST = NO;
				SUPPORTS_MAC_DESIGNED_FOR_IPHONE_IPAD = NO;
				SUPPORTS_XR_DESIGNED_FOR_IPHONE_IPAD = NO;
				SWIFT_EMIT_LOC_STRINGS = YES;
				SWIFT_VERSION = 5.0;
				TARGETED_DEVICE_FAMILY = 1;
			};
			name = Release;
		};
/* End XCBuildConfiguration section */

/* Begin XCConfigurationList section */
		FF84CB832BE80D120093A552 /* Build configuration list for PBXProject "ImageFeed" */ = {
			isa = XCConfigurationList;
			buildConfigurations = (
				FF84CB9A2BE80D140093A552 /* Debug */,
				FF84CB9B2BE80D140093A552 /* Release */,
			);
			defaultConfigurationIsVisible = 0;
			defaultConfigurationName = Release;
		};
		FF84CB9C2BE80D140093A552 /* Build configuration list for PBXNativeTarget "ImageFeed" */ = {
			isa = XCConfigurationList;
			buildConfigurations = (
				FF84CB9D2BE80D140093A552 /* Debug */,
				FF84CB9E2BE80D140093A552 /* Release */,
			);
			defaultConfigurationIsVisible = 0;
			defaultConfigurationName = Release;
		};
/* End XCConfigurationList section */

/* Begin XCRemoteSwiftPackageReference section */
		FF96B05D2C392E9E0015C26E /* XCRemoteSwiftPackageReference "ProgressHUD" */ = {
			isa = XCRemoteSwiftPackageReference;
			repositoryURL = "https://github.com/relatedcode/ProgressHUD";
			requirement = {
				kind = upToNextMajorVersion;
				minimumVersion = 14.1.3;
			};
		};
		FF96B06C2C556B7C0015C26E /* XCRemoteSwiftPackageReference "Kingfisher" */ = {
			isa = XCRemoteSwiftPackageReference;
			repositoryURL = "https://github.com/onevcat/Kingfisher";
			requirement = {
				kind = upToNextMajorVersion;
				minimumVersion = 7.12.0;
			};
		};
		FF96B06F2C581F940015C26E /* XCRemoteSwiftPackageReference "SwiftKeychainWrapper" */ = {
			isa = XCRemoteSwiftPackageReference;
			repositoryURL = "https://github.com/jrendel/SwiftKeychainWrapper";
			requirement = {
				kind = upToNextMajorVersion;
				minimumVersion = 4.0.1;
			};
		};
/* End XCRemoteSwiftPackageReference section */

/* Begin XCSwiftPackageProductDependency section */
		FF96B05E2C392E9E0015C26E /* ProgressHUD */ = {
			isa = XCSwiftPackageProductDependency;
			package = FF96B05D2C392E9E0015C26E /* XCRemoteSwiftPackageReference "ProgressHUD" */;
			productName = ProgressHUD;
		};
		FF96B06D2C556B7C0015C26E /* Kingfisher */ = {
			isa = XCSwiftPackageProductDependency;
			package = FF96B06C2C556B7C0015C26E /* XCRemoteSwiftPackageReference "Kingfisher" */;
			productName = Kingfisher;
		};
		FF96B0702C581F940015C26E /* SwiftKeychainWrapper */ = {
			isa = XCSwiftPackageProductDependency;
			package = FF96B06F2C581F940015C26E /* XCRemoteSwiftPackageReference "SwiftKeychainWrapper" */;
			productName = SwiftKeychainWrapper;
		};
/* End XCSwiftPackageProductDependency section */
	};
	rootObject = FF84CB802BE80D120093A552 /* Project object */;
}
